
Microsoft Visual Studio Solution File, Format Version 12.00
# Visual Studio Version 16
VisualStudioVersion = 16.0.29905.134
MinimumVisualStudioVersion = 10.0.40219.1
Project("{9A19103F-16F7-4668-BE54-9A1E7A4F7556}") = "Project 3 - Press Project", "Project 3 - Main\Project 3 - Press Project.csproj", "{C7B26C67-51C8-4335-9D2A-ED59CD70FF61}"
EndProject
Project("{9A19103F-16F7-4668-BE54-9A1E7A4F7556}") = "UserInterface", "UserInterface\UserInterface.csproj", "{EF10D7A0-A45E-46E5-9452-956B9B9D5D73}"
EndProject
Project("{9A19103F-16F7-4668-BE54-9A1E7A4F7556}") = "TestPressProject", "TestPressProject\TestPressProject.csproj", "{821A44C8-3F4E-4E70-8DD5-8A7B6CE21AD9}"
EndProject
Project("{2150E333-8FDC-42A3-9474-1A3956D46DE8}") = "Solution Items", "Solution Items", "{DF219435-CB47-4309-B571-544EF606B271}"
	ProjectSection(SolutionItems) = preProject
		.gitignore = .gitignore
		.travis.yml = .travis.yml
		build.sh = build.sh
		readme.md = readme.md
	EndProjectSection
EndProject
Global
	GlobalSection(SolutionConfigurationPlatforms) = preSolution
		Debug|Any CPU = Debug|Any CPU
		Release|Any CPU = Release|Any CPU
	EndGlobalSection
	GlobalSection(ProjectConfigurationPlatforms) = postSolution
		{C7B26C67-51C8-4335-9D2A-ED59CD70FF61}.Debug|Any CPU.ActiveCfg = Debug|Any CPU
		{C7B26C67-51C8-4335-9D2A-ED59CD70FF61}.Debug|Any CPU.Build.0 = Debug|Any CPU
		{C7B26C67-51C8-4335-9D2A-ED59CD70FF61}.Release|Any CPU.ActiveCfg = Release|Any CPU
		{C7B26C67-51C8-4335-9D2A-ED59CD70FF61}.Release|Any CPU.Build.0 = Release|Any CPU
		{EF10D7A0-A45E-46E5-9452-956B9B9D5D73}.Debug|Any CPU.ActiveCfg = Debug|Any CPU
		{EF10D7A0-A45E-46E5-9452-956B9B9D5D73}.Debug|Any CPU.Build.0 = Debug|Any CPU
		{EF10D7A0-A45E-46E5-9452-956B9B9D5D73}.Release|Any CPU.ActiveCfg = Release|Any CPU
		{EF10D7A0-A45E-46E5-9452-956B9B9D5D73}.Release|Any CPU.Build.0 = Release|Any CPU
		{821A44C8-3F4E-4E70-8DD5-8A7B6CE21AD9}.Debug|Any CPU.ActiveCfg = Debug|Any CPU
		{821A44C8-3F4E-4E70-8DD5-8A7B6CE21AD9}.Debug|Any CPU.Build.0 = Debug|Any CPU
		{821A44C8-3F4E-4E70-8DD5-8A7B6CE21AD9}.Release|Any CPU.ActiveCfg = Release|Any CPU
		{821A44C8-3F4E-4E70-8DD5-8A7B6CE21AD9}.Release|Any CPU.Build.0 = Release|Any CPU
	EndGlobalSection
	GlobalSection(SolutionProperties) = preSolution
		HideSolutionNode = FALSE
	EndGlobalSection
	GlobalSection(ExtensibilityGlobals) = postSolution
		SolutionGuid = {F3247DA9-3A2F-4BB6-942C-FBD888B7AF99}
	EndGlobalSection
EndGlobal
